
Microsoft Visual Studio Solution File, Format Version 12.00
# Visual Studio Version 17
VisualStudioVersion = 17.10.35004.147
MinimumVisualStudioVersion = 10.0.40219.1
Project("{FAE04EC0-301F-11D3-BF4B-00C04F79EFBC}") = "HorariosIPBejaMVC", "HorariosIPBejaMVC.csproj", "{192C32BD-CBDC-4D89-AE66-9BB913B641EE}"
EndProject
Global
	GlobalSection(SolutionConfigurationPlatforms) = preSolution
		Debug|Any CPU = Debug|Any CPU
		Release|Any CPU = Release|Any CPU
	EndGlobalSection
	GlobalSection(ProjectConfigurationPlatforms) = postSolution
		{192C32BD-CBDC-4D89-AE66-9BB913B641EE}.Debug|Any CPU.ActiveCfg = Debug|Any CPU
		{192C32BD-CBDC-4D89-AE66-9BB913B641EE}.Debug|Any CPU.Build.0 = Debug|Any CPU
		{192C32BD-CBDC-4D89-AE66-9BB913B641EE}.Release|Any CPU.ActiveCfg = Release|Any CPU
		{192C32BD-CBDC-4D89-AE66-9BB913B641EE}.Release|Any CPU.Build.0 = Release|Any CPU
	EndGlobalSection
	GlobalSection(SolutionProperties) = preSolution
		HideSolutionNode = FALSE
	EndGlobalSection
	GlobalSection(ExtensibilityGlobals) = postSolution
		SolutionGuid = {787FED6B-D8EF-46E3-A0BE-CDFD2ADCD729}
	EndGlobalSection
EndGlobal
